
Microsoft Visual Studio Solution File, Format Version 12.00
# Visual Studio Version 17
VisualStudioVersion = 17.14.36327.8 d17.14
MinimumVisualStudioVersion = 10.0.40219.1
Project("{FAE04EC0-301F-11D3-BF4B-00C04F79EFBC}") = "Stack作业", "Stack作业\Stack作业.csproj", "{B5D73ABE-E532-4C2B-8353-07DA9DE95E42}"
EndProject
Global
	GlobalSection(SolutionConfigurationPlatforms) = preSolution
		Debug|Any CPU = Debug|Any CPU
		Release|Any CPU = Release|Any CPU
	EndGlobalSection
	GlobalSection(ProjectConfigurationPlatforms) = postSolution
		{B5D73ABE-E532-4C2B-8353-07DA9DE95E42}.Debug|Any CPU.ActiveCfg = Debug|Any CPU
		{B5D73ABE-E532-4C2B-8353-07DA9DE95E42}.Debug|Any CPU.Build.0 = Debug|Any CPU
		{B5D73ABE-E532-4C2B-8353-07DA9DE95E42}.Release|Any CPU.ActiveCfg = Release|Any CPU
		{B5D73ABE-E532-4C2B-8353-07DA9DE95E42}.Release|Any CPU.Build.0 = Release|Any CPU
	EndGlobalSection
	GlobalSection(SolutionProperties) = preSolution
		HideSolutionNode = FALSE
	EndGlobalSection
	GlobalSection(ExtensibilityGlobals) = postSolution
		SolutionGuid = {2DD82CBC-4E22-49F0-ADB4-0A6B163930D5}
	EndGlobalSection
EndGlobal
