
Microsoft Visual Studio Solution File, Format Version 12.00
# Visual Studio Version 17
VisualStudioVersion = 17.14.36327.8 d17.14
MinimumVisualStudioVersion = 10.0.40219.1
Project("{FAE04EC0-301F-11D3-BF4B-00C04F79EFBC}") = "里氏替换原则作业", "里氏替换原则作业\里氏替换原则作业.csproj", "{4FE1D5D4-0DD6-4A71-A2AB-835C840ECF79}"
EndProject
Global
	GlobalSection(SolutionConfigurationPlatforms) = preSolution
		Debug|Any CPU = Debug|Any CPU
		Release|Any CPU = Release|Any CPU
	EndGlobalSection
	GlobalSection(ProjectConfigurationPlatforms) = postSolution
		{4FE1D5D4-0DD6-4A71-A2AB-835C840ECF79}.Debug|Any CPU.ActiveCfg = Debug|Any CPU
		{4FE1D5D4-0DD6-4A71-A2AB-835C840ECF79}.Debug|Any CPU.Build.0 = Debug|Any CPU
		{4FE1D5D4-0DD6-4A71-A2AB-835C840ECF79}.Release|Any CPU.ActiveCfg = Release|Any CPU
		{4FE1D5D4-0DD6-4A71-A2AB-835C840ECF79}.Release|Any CPU.Build.0 = Release|Any CPU
	EndGlobalSection
	GlobalSection(SolutionProperties) = preSolution
		HideSolutionNode = FALSE
	EndGlobalSection
	GlobalSection(ExtensibilityGlobals) = postSolution
		SolutionGuid = {173C42BD-A825-471E-B859-4DC623941CAC}
	EndGlobalSection
EndGlobal
