
Microsoft Visual Studio Solution File, Format Version 12.00
# Visual Studio Version 17
VisualStudioVersion = 17.14.36327.8 d17.14
MinimumVisualStudioVersion = 10.0.40219.1
Project("{FAE04EC0-301F-11D3-BF4B-00C04F79EFBC}") = "静态类和静态构造函数作业", "静态类和静态构造函数作业\静态类和静态构造函数作业.csproj", "{97CAD2D6-8F95-4767-980D-98090E592A21}"
EndProject
Global
	GlobalSection(SolutionConfigurationPlatforms) = preSolution
		Debug|Any CPU = Debug|Any CPU
		Release|Any CPU = Release|Any CPU
	EndGlobalSection
	GlobalSection(ProjectConfigurationPlatforms) = postSolution
		{97CAD2D6-8F95-4767-980D-98090E592A21}.Debug|Any CPU.ActiveCfg = Debug|Any CPU
		{97CAD2D6-8F95-4767-980D-98090E592A21}.Debug|Any CPU.Build.0 = Debug|Any CPU
		{97CAD2D6-8F95-4767-980D-98090E592A21}.Release|Any CPU.ActiveCfg = Release|Any CPU
		{97CAD2D6-8F95-4767-980D-98090E592A21}.Release|Any CPU.Build.0 = Release|Any CPU
	EndGlobalSection
	GlobalSection(SolutionProperties) = preSolution
		HideSolutionNode = FALSE
	EndGlobalSection
	GlobalSection(ExtensibilityGlobals) = postSolution
		SolutionGuid = {CB8E0F2C-EA22-40C0-A931-31F7517E3BAD}
	EndGlobalSection
EndGlobal
