
Microsoft Visual Studio Solution File, Format Version 12.00
# Visual Studio Version 17
VisualStudioVersion = 17.14.36327.8 d17.14
MinimumVisualStudioVersion = 10.0.40219.1
Project("{FAE04EC0-301F-11D3-BF4B-00C04F79EFBC}") = "Lambda表达式作业", "Lambda表达式作业\Lambda表达式作业.csproj", "{3A0155F2-7271-403E-AF6F-7C8D4434CBE1}"
EndProject
Global
	GlobalSection(SolutionConfigurationPlatforms) = preSolution
		Debug|Any CPU = Debug|Any CPU
		Release|Any CPU = Release|Any CPU
	EndGlobalSection
	GlobalSection(ProjectConfigurationPlatforms) = postSolution
		{3A0155F2-7271-403E-AF6F-7C8D4434CBE1}.Debug|Any CPU.ActiveCfg = Debug|Any CPU
		{3A0155F2-7271-403E-AF6F-7C8D4434CBE1}.Debug|Any CPU.Build.0 = Debug|Any CPU
		{3A0155F2-7271-403E-AF6F-7C8D4434CBE1}.Release|Any CPU.ActiveCfg = Release|Any CPU
		{3A0155F2-7271-403E-AF6F-7C8D4434CBE1}.Release|Any CPU.Build.0 = Release|Any CPU
	EndGlobalSection
	GlobalSection(SolutionProperties) = preSolution
		HideSolutionNode = FALSE
	EndGlobalSection
	GlobalSection(ExtensibilityGlobals) = postSolution
		SolutionGuid = {92193C29-35DD-4F35-A947-0707108C13F8}
	EndGlobalSection
EndGlobal
