
Microsoft Visual Studio Solution File, Format Version 12.00
# Visual Studio 15
Project("{FAE04EC0-301F-11D3-BF4B-00C04F79EFBC}") = "Unity.Timeline", "Unity.Timeline.csproj", "{47427FFB-C1A9-6EDE-3DBC-76E4055DF245}"
EndProject
Project("{FAE04EC0-301F-11D3-BF4B-00C04F79EFBC}") = "Unity.ShaderGraph.Editor", "Unity.ShaderGraph.Editor.csproj", "{6B5DAF41-1953-F68F-6420-E2930E42B619}"
EndProject
Project("{FAE04EC0-301F-11D3-BF4B-00C04F79EFBC}") = "UnityEngine.Advertisements.Editor", "UnityEngine.Advertisements.Editor.csproj", "{F8B865A1-1697-010C-3D28-708E0D873522}"
EndProject
Project("{FAE04EC0-301F-11D3-BF4B-00C04F79EFBC}") = "Unity.PlasticSCM.Editor", "Unity.PlasticSCM.Editor.csproj", "{645CA900-4F83-6F40-4180-55434537FCD5}"
EndProject
Project("{FAE04EC0-301F-11D3-BF4B-00C04F79EFBC}") = "Unity.Services.Core.Internal", "Unity.Services.Core.Internal.csproj", "{2AC25D90-1628-B4AC-089F-0F6155F544CF}"
EndProject
Project("{FAE04EC0-301F-11D3-BF4B-00C04F79EFBC}") = "Unity.VisualScripting.Flow", "Unity.VisualScripting.Flow.csproj", "{AD556184-ED5B-9234-4E06-59F8FE501D82}"
EndProject
Project("{FAE04EC0-301F-11D3-BF4B-00C04F79EFBC}") = "Unity.RenderPipelines.Universal.Runtime", "Unity.RenderPipelines.Universal.Runtime.csproj", "{CC5A9ABA-F6CE-D1CD-4065-13D897444B04}"
EndProject
Project("{FAE04EC0-301F-11D3-BF4B-00C04F79EFBC}") = "UnityEditor.UI", "UnityEditor.UI.csproj", "{9578C780-BA10-B86B-53BB-35B6DF17B301}"
EndProject
Project("{FAE04EC0-301F-11D3-BF4B-00C04F79EFBC}") = "Unity.Timeline.Editor", "Unity.Timeline.Editor.csproj", "{368E381C-080C-A667-1155-69671C18AE19}"
EndProject
Project("{FAE04EC0-301F-11D3-BF4B-00C04F79EFBC}") = "Unity.RenderPipelines.Core.Runtime", "Unity.RenderPipelines.Core.Runtime.csproj", "{AA943317-E179-709D-EA76-6B8B31B5234F}"
EndProject
Project("{FAE04EC0-301F-11D3-BF4B-00C04F79EFBC}") = "Unity.Mathematics", "Unity.Mathematics.csproj", "{1E739B55-B420-C3F3-CCBB-438659530DE4}"
EndProject
Project("{FAE04EC0-301F-11D3-BF4B-00C04F79EFBC}") = "Unity.RenderPipelines.Core.Editor", "Unity.RenderPipelines.Core.Editor.csproj", "{2544A29D-69BA-D2BA-EA46-57698415AB1D}"
EndProject
Project("{FAE04EC0-301F-11D3-BF4B-00C04F79EFBC}") = "UnityEditor.Purchasing", "UnityEditor.Purchasing.csproj", "{2D6A2A0F-B716-DF75-803E-C09554AC15F5}"
EndProject
Project("{FAE04EC0-301F-11D3-BF4B-00C04F79EFBC}") = "Unity.VisualScripting.Core.Editor", "Unity.VisualScripting.Core.Editor.csproj", "{5100A34F-664B-39C9-36F9-C7F163E64930}"
EndProject
Project("{FAE04EC0-301F-11D3-BF4B-00C04F79EFBC}") = "UnityEngine.Purchasing.Stores", "UnityEngine.Purchasing.Stores.csproj", "{A500CAEE-7560-6C94-6003-FA3A6E9160A6}"
EndProject
Project("{FAE04EC0-301F-11D3-BF4B-00C04F79EFBC}") = "UnityEngine.Advertisements", "UnityEngine.Advertisements.csproj", "{11565AAB-7A01-D035-6611-B1AFE47D530C}"
EndProject
Project("{FAE04EC0-301F-11D3-BF4B-00C04F79EFBC}") = "UnityEditor.TestRunner", "UnityEditor.TestRunner.csproj", "{ADC72A94-9342-517C-F65A-1A9737DC82AB}"
EndProject
Project("{FAE04EC0-301F-11D3-BF4B-00C04F79EFBC}") = "Unity.RenderPipelines.Universal.Editor", "Unity.RenderPipelines.Universal.Editor.csproj", "{BB37C27E-DA66-6950-439F-AE490D092F49}"
EndProject
Project("{FAE04EC0-301F-11D3-BF4B-00C04F79EFBC}") = "Unity.TextMeshPro.Editor", "Unity.TextMeshPro.Editor.csproj", "{B78F1A6E-AA7F-78B5-8FA9-8A90BB7AA533}"
EndProject
Project("{FAE04EC0-301F-11D3-BF4B-00C04F79EFBC}") = "Unity.VisualScripting.Flow.Editor", "Unity.VisualScripting.Flow.Editor.csproj", "{43271691-53F8-F50D-B489-718F00ECF652}"
EndProject
Project("{FAE04EC0-301F-11D3-BF4B-00C04F79EFBC}") = "UnityEngine.TestRunner", "UnityEngine.TestRunner.csproj", "{73142394-0CEA-AE42-C707-499EE83E3DED}"
EndProject
Project("{FAE04EC0-301F-11D3-BF4B-00C04F79EFBC}") = "Unity.VisualScripting.Core", "Unity.VisualScripting.Core.csproj", "{837832ED-F20A-9886-FCA1-F06C42E9B90C}"
EndProject
Project("{FAE04EC0-301F-11D3-BF4B-00C04F79EFBC}") = "Unity.2D.Tilemap.Editor", "Unity.2D.Tilemap.Editor.csproj", "{31D5D72F-7298-3977-5DD1-8809448DE64C}"
EndProject
Project("{FAE04EC0-301F-11D3-BF4B-00C04F79EFBC}") = "Unity.Searcher.Editor", "Unity.Searcher.Editor.csproj", "{9507DA14-F32F-7AEB-FCEE-4567B1E7D632}"
EndProject
Project("{FAE04EC0-301F-11D3-BF4B-00C04F79EFBC}") = "Unity.Burst", "Unity.Burst.csproj", "{E207C678-F39C-7CB6-7063-D770C3C35114}"
EndProject
Project("{FAE04EC0-301F-11D3-BF4B-00C04F79EFBC}") = "Unity.Services.Core.Environments.Editor", "Unity.Services.Core.Environments.Editor.csproj", "{AA45A04A-F782-6B13-D7F2-755146464BE1}"
EndProject
Project("{FAE04EC0-301F-11D3-BF4B-00C04F79EFBC}") = "UnityEngine.Purchasing", "UnityEngine.Purchasing.csproj", "{0F33EB79-3378-ABB0-7C87-99E0358A3214}"
EndProject
Project("{FAE04EC0-301F-11D3-BF4B-00C04F79EFBC}") = "Unity.Services.Analytics", "Unity.Services.Analytics.csproj", "{3EE64E13-4A8D-0F91-6DA6-1480265DB243}"
EndProject
Project("{FAE04EC0-301F-11D3-BF4B-00C04F79EFBC}") = "Unity.VisualStudio.Editor", "Unity.VisualStudio.Editor.csproj", "{AAFFFC75-0234-8C6E-670A-D1FBCBC2D9B7}"
EndProject
Project("{FAE04EC0-301F-11D3-BF4B-00C04F79EFBC}") = "PPv2URPConverters", "PPv2URPConverters.csproj", "{AFD57904-DB3F-29A0-43FD-42AF8B0B7BAB}"
EndProject
Project("{FAE04EC0-301F-11D3-BF4B-00C04F79EFBC}") = "Assembly-CSharp", "Assembly-CSharp.csproj", "{D5DAD9B3-2686-652E-EDE1-736795D6DC0B}"
EndProject
Project("{FAE04EC0-301F-11D3-BF4B-00C04F79EFBC}") = "Unity.TestTools.CodeCoverage.Editor.OpenCover.Model", "Unity.TestTools.CodeCoverage.Editor.OpenCover.Model.csproj", "{3D5B604B-57AA-5F02-3C53-2ACAF2A0DEE1}"
EndProject
Project("{FAE04EC0-301F-11D3-BF4B-00C04F79EFBC}") = "Unity.Rider.Editor", "Unity.Rider.Editor.csproj", "{B46C5DDD-245E-3F60-08B3-4E4C6952622C}"
EndProject
Project("{FAE04EC0-301F-11D3-BF4B-00C04F79EFBC}") = "Unity.CollabProxy.Editor", "Unity.CollabProxy.Editor.csproj", "{4A8E213D-B820-5734-9F4A-543B5F92376A}"
EndProject
Project("{FAE04EC0-301F-11D3-BF4B-00C04F79EFBC}") = "Unity.Services.Core.Configuration", "Unity.Services.Core.Configuration.csproj", "{DA7AB9B9-9900-E41A-2262-B9681FF02C2F}"
EndProject
Project("{FAE04EC0-301F-11D3-BF4B-00C04F79EFBC}") = "Unity.VisualScripting.State.Editor", "Unity.VisualScripting.State.Editor.csproj", "{26D6B139-AF26-CF8B-C4C2-F682769FD967}"
EndProject
Project("{FAE04EC0-301F-11D3-BF4B-00C04F79EFBC}") = "UnityEngine.UI", "UnityEngine.UI.csproj", "{EFF5CABB-6455-0AFD-75AF-B2C54DD49A60}"
EndProject
Project("{FAE04EC0-301F-11D3-BF4B-00C04F79EFBC}") = "Unity.Services.Core.Editor", "Unity.Services.Core.Editor.csproj", "{3A0AFE27-0335-5545-796D-286EA5BEF9D5}"
EndProject
Project("{FAE04EC0-301F-11D3-BF4B-00C04F79EFBC}") = "Unity.TestTools.CodeCoverage.Editor", "Unity.TestTools.CodeCoverage.Editor.csproj", "{0E9AF749-7287-042B-3045-5E2CCBD26417}"
EndProject
Project("{FAE04EC0-301F-11D3-BF4B-00C04F79EFBC}") = "Unity.Burst.CodeGen", "Unity.Burst.CodeGen.csproj", "{A3E7808B-F38A-8691-30F1-06308CA96652}"
EndProject
Project("{FAE04EC0-301F-11D3-BF4B-00C04F79EFBC}") = "Unity.Services.Core.Configuration.Editor", "Unity.Services.Core.Configuration.Editor.csproj", "{E4100354-A959-3E12-B822-335F7AC46A04}"
EndProject
Project("{FAE04EC0-301F-11D3-BF4B-00C04F79EFBC}") = "Unity.Postprocessing.Runtime", "Unity.Postprocessing.Runtime.csproj", "{50F37A24-D792-F71D-BED9-C3AE8245A140}"
EndProject
Project("{FAE04EC0-301F-11D3-BF4B-00C04F79EFBC}") = "Unity.RenderPipeline.Universal.ShaderLibrary", "Unity.RenderPipeline.Universal.ShaderLibrary.csproj", "{ECC601E5-0E0D-CDF1-D284-E4B575652F5D}"
EndProject
Project("{FAE04EC0-301F-11D3-BF4B-00C04F79EFBC}") = "Unity.Services.Core", "Unity.Services.Core.csproj", "{9E743BFB-E338-4B27-0B30-35F112DF1EC4}"
EndProject
Project("{FAE04EC0-301F-11D3-BF4B-00C04F79EFBC}") = "Unity.Postprocessing.Editor", "Unity.Postprocessing.Editor.csproj", "{AE7DD891-AA62-6E40-F186-44019A94ABA4}"
EndProject
Project("{FAE04EC0-301F-11D3-BF4B-00C04F79EFBC}") = "Unity.VisualScripting.State", "Unity.VisualScripting.State.csproj", "{512F1CA5-29F7-5AAF-FDDF-3A8ED3720D37}"
EndProject
Project("{FAE04EC0-301F-11D3-BF4B-00C04F79EFBC}") = "Unity.TextMeshPro", "Unity.TextMeshPro.csproj", "{084CA2F2-58C3-E02C-A55A-125C33EF2B6B}"
EndProject
Project("{FAE04EC0-301F-11D3-BF4B-00C04F79EFBC}") = "Unity.Performance.Profile-Analyzer.Editor", "Unity.Performance.Profile-Analyzer.Editor.csproj", "{DF82854F-A73F-FF92-BB8C-93759F5CD551}"
EndProject
Project("{FAE04EC0-301F-11D3-BF4B-00C04F79EFBC}") = "Unity.VisualScripting.SettingsProvider.Editor", "Unity.VisualScripting.SettingsProvider.Editor.csproj", "{9D1C29F5-9B4C-5DBD-53B4-45BCF5B9ADFB}"
EndProject
Project("{FAE04EC0-301F-11D3-BF4B-00C04F79EFBC}") = "Unity.Services.Analytics.Editor", "Unity.Services.Analytics.Editor.csproj", "{10869D1B-FF5F-4137-7445-332D234618BE}"
EndProject
Project("{FAE04EC0-301F-11D3-BF4B-00C04F79EFBC}") = "Unity.VSCode.Editor", "Unity.VSCode.Editor.csproj", "{EA38D73A-4AE3-D21E-3590-84C8B44294E0}"
EndProject
Project("{FAE04EC0-301F-11D3-BF4B-00C04F79EFBC}") = "Unity.Burst.Editor", "Unity.Burst.Editor.csproj", "{4F0840BE-F328-29F4-88A7-ED780C004795}"
EndProject
Project("{FAE04EC0-301F-11D3-BF4B-00C04F79EFBC}") = "Unity.TestTools.CodeCoverage.Editor.OpenCover.Mono.Reflection", "Unity.TestTools.CodeCoverage.Editor.OpenCover.Mono.Reflection.csproj", "{54704330-EAAF-8326-766E-DC82C1C84151}"
EndProject
Project("{FAE04EC0-301F-11D3-BF4B-00C04F79EFBC}") = "UnityEngine.Purchasing.AppleMacosStub", "UnityEngine.Purchasing.AppleMacosStub.csproj", "{CF20A0C1-D5DC-49DA-5C90-3D861AD2F505}"
EndProject
Project("{FAE04EC0-301F-11D3-BF4B-00C04F79EFBC}") = "UnityEngine.Purchasing.Codeless", "UnityEngine.Purchasing.Codeless.csproj", "{8DE9B3BC-47DB-7419-0A22-3827582B33F0}"
EndProject
Project("{FAE04EC0-301F-11D3-BF4B-00C04F79EFBC}") = "Unity.RenderPipelines.Universal.2D.Internal", "Unity.RenderPipelines.Universal.2D.Internal.csproj", "{95824A19-9229-39AB-4DE4-0C8417B06B06}"
EndProject
Project("{FAE04EC0-301F-11D3-BF4B-00C04F79EFBC}") = "Unity.Analytics.DataPrivacy", "Unity.Analytics.DataPrivacy.csproj", "{44FCC546-BD6E-E112-1E70-7C59A790A13C}"
EndProject
Project("{FAE04EC0-301F-11D3-BF4B-00C04F79EFBC}") = "Unity.Settings.Editor", "Unity.Settings.Editor.csproj", "{F592E91C-FE3C-D0F8-25BB-415D6DA2A494}"
EndProject
Project("{FAE04EC0-301F-11D3-BF4B-00C04F79EFBC}") = "UnityEngine.Advertisements.DevX.Editor", "UnityEngine.Advertisements.DevX.Editor.csproj", "{32AE8A44-F36B-13F6-86B2-976E8E73459C}"
EndProject
Project("{FAE04EC0-301F-11D3-BF4B-00C04F79EFBC}") = "Unity.2D.Sprite.Editor", "Unity.2D.Sprite.Editor.csproj", "{808B46B4-8942-0DFF-C3B5-BA18D3F3C251}"
EndProject
Project("{FAE04EC0-301F-11D3-BF4B-00C04F79EFBC}") = "UnityEngine.Purchasing.WinRTStub", "UnityEngine.Purchasing.WinRTStub.csproj", "{DB30AC8F-D2B6-3BC8-FDB2-35653113A20E}"
EndProject
Project("{FAE04EC0-301F-11D3-BF4B-00C04F79EFBC}") = "Unity.Services.Core.Analytics", "Unity.Services.Core.Analytics.csproj", "{C63B38DE-A619-C908-14CC-76416A6A4BA3}"
EndProject
Project("{FAE04EC0-301F-11D3-BF4B-00C04F79EFBC}") = "UnityEngine.SpatialTracking", "UnityEngine.SpatialTracking.csproj", "{A96BA0B3-D72A-1D3E-36FE-21F98722B630}"
EndProject
Project("{FAE04EC0-301F-11D3-BF4B-00C04F79EFBC}") = "Unity.Services.Core.Environments.Internal", "Unity.Services.Core.Environments.Internal.csproj", "{C25F3A91-AD85-68A5-12FD-0F4317E8B0B3}"
EndProject
Project("{FAE04EC0-301F-11D3-BF4B-00C04F79EFBC}") = "Unity.Services.Core.Networking", "Unity.Services.Core.Networking.csproj", "{4E47EC37-F796-F8C7-7028-5D15A9A12E08}"
EndProject
Project("{FAE04EC0-301F-11D3-BF4B-00C04F79EFBC}") = "Unity.Services.Core.Scheduler", "Unity.Services.Core.Scheduler.csproj", "{AC59AB0F-99EE-6BE5-9B54-BFF3E1EFE6CC}"
EndProject
Project("{FAE04EC0-301F-11D3-BF4B-00C04F79EFBC}") = "UnityEngine.Purchasing.SecurityCore", "UnityEngine.Purchasing.SecurityCore.csproj", "{241C84CF-528E-6069-D8FA-48F29ED0CB7B}"
EndProject
Project("{FAE04EC0-301F-11D3-BF4B-00C04F79EFBC}") = "Unity.Mathematics.Editor", "Unity.Mathematics.Editor.csproj", "{E55B01C0-9880-09B6-5CCB-AACBAB9915FE}"
EndProject
Project("{FAE04EC0-301F-11D3-BF4B-00C04F79EFBC}") = "Unity.Services.Core.Telemetry", "Unity.Services.Core.Telemetry.csproj", "{7509A2E7-1847-9C56-00E1-A7A15490A9AF}"
EndProject
Project("{FAE04EC0-301F-11D3-BF4B-00C04F79EFBC}") = "Unity.Services.Core.Components", "Unity.Services.Core.Components.csproj", "{83F3B785-F5CE-641B-9BF6-A0940B7F7A8A}"
EndProject
Project("{FAE04EC0-301F-11D3-BF4B-00C04F79EFBC}") = "UnityEngine.Purchasing.WinRTCore", "UnityEngine.Purchasing.WinRTCore.csproj", "{0722ACC9-5524-C464-D4D1-68364DEE540D}"
EndProject
Project("{FAE04EC0-301F-11D3-BF4B-00C04F79EFBC}") = "Purchasing.Common", "Purchasing.Common.csproj", "{8821AB13-EE60-05DD-C5DD-C16D3AC18C75}"
EndProject
Project("{FAE04EC0-301F-11D3-BF4B-00C04F79EFBC}") = "Unity.Services.Core.Threading", "Unity.Services.Core.Threading.csproj", "{6C53DF6A-F24E-5AC0-B543-7237E9FCC3BC}"
EndProject
Project("{FAE04EC0-301F-11D3-BF4B-00C04F79EFBC}") = "Unity.Services.Core.Device", "Unity.Services.Core.Device.csproj", "{B252E018-408E-EBCE-ADD0-DDAE87AC6538}"
EndProject
Project("{FAE04EC0-301F-11D3-BF4B-00C04F79EFBC}") = "UnityEditor.XR.LegacyInputHelpers", "UnityEditor.XR.LegacyInputHelpers.csproj", "{66CEB1AF-9069-91C2-1E93-EEA381FA7653}"
EndProject
Project("{FAE04EC0-301F-11D3-BF4B-00C04F79EFBC}") = "Unity.ShaderGraph.Utilities", "Unity.ShaderGraph.Utilities.csproj", "{6144769C-6876-F827-CDF3-B08FA827CC1A}"
EndProject
Project("{FAE04EC0-301F-11D3-BF4B-00C04F79EFBC}") = "UnityEngine.Purchasing.AppleCore", "UnityEngine.Purchasing.AppleCore.csproj", "{4ACA1DB6-3521-93D8-8F78-AC2903FB268E}"
EndProject
Project("{FAE04EC0-301F-11D3-BF4B-00C04F79EFBC}") = "Unity.VisualScripting.Shared.Editor", "Unity.VisualScripting.Shared.Editor.csproj", "{A65624A6-4085-E0A8-C21D-EE3D09A725EB}"
EndProject
Project("{FAE04EC0-301F-11D3-BF4B-00C04F79EFBC}") = "Unity.EditorCoroutines.Editor", "Unity.EditorCoroutines.Editor.csproj", "{5EB0A2C6-8F04-2936-467E-4E763C436AD6}"
EndProject
Project("{FAE04EC0-301F-11D3-BF4B-00C04F79EFBC}") = "UnityEngine.XR.LegacyInputHelpers", "UnityEngine.XR.LegacyInputHelpers.csproj", "{94E601F4-C9CA-CA9A-EEB8-19A5435CA703}"
EndProject
Project("{FAE04EC0-301F-11D3-BF4B-00C04F79EFBC}") = "UnityEngine.Purchasing.AppleStub", "UnityEngine.Purchasing.AppleStub.csproj", "{39BEDCC3-500B-D25C-5D46-0E5C544070B5}"
EndProject
Project("{FAE04EC0-301F-11D3-BF4B-00C04F79EFBC}") = "UnityEngine.Purchasing.SecurityStub", "UnityEngine.Purchasing.SecurityStub.csproj", "{B99BAB36-B432-EDFE-ADB1-490FE5A5C5FB}"
EndProject
Project("{FAE04EC0-301F-11D3-BF4B-00C04F79EFBC}") = "Analytics", "Analytics.csproj", "{D2AE828E-D670-2B30-AA30-1D71B52AA77E}"
EndProject
Project("{FAE04EC0-301F-11D3-BF4B-00C04F79EFBC}") = "UnityEditor.SpatialTracking", "UnityEditor.SpatialTracking.csproj", "{1FCD62CC-6F28-A9BC-4DA5-D17F5497E47F}"
EndProject
Project("{FAE04EC0-301F-11D3-BF4B-00C04F79EFBC}") = "Unity.Services.Core.Registration", "Unity.Services.Core.Registration.csproj", "{0A1E0859-AA37-85D2-A904-58AAE9FA8752}"
EndProject
Project("{FAE04EC0-301F-11D3-BF4B-00C04F79EFBC}") = "Unity.Services.Core.Environments", "Unity.Services.Core.Environments.csproj", "{379D0009-8338-372F-1482-7B3C1F9616CF}"
EndProject
Project("{FAE04EC0-301F-11D3-BF4B-00C04F79EFBC}") = "Unity.RenderPipelines.Universal.Config.Runtime", "Unity.RenderPipelines.Universal.Config.Runtime.csproj", "{9E6EA6C9-F427-BAA4-847B-59AA0FCA8869}"
EndProject
Project("{FAE04EC0-301F-11D3-BF4B-00C04F79EFBC}") = "Unity.RenderPipelines.ShaderGraph.ShaderGraphLibrary", "Unity.RenderPipelines.ShaderGraph.ShaderGraphLibrary.csproj", "{26E1CC8C-DD51-FD7F-CDA2-23A1EAE66693}"
EndProject
Project("{FAE04EC0-301F-11D3-BF4B-00C04F79EFBC}") = "Unity.RenderPipelines.Core.ShaderLibrary", "Unity.RenderPipelines.Core.ShaderLibrary.csproj", "{5CCD7129-C362-6368-421E-354CDA3215CE}"
EndProject
Project("{FAE04EC0-301F-11D3-BF4B-00C04F79EFBC}") = "Unity.RenderPipelines.Universal.Shaders", "Unity.RenderPipelines.Universal.Shaders.csproj", "{5BB865D2-1A6A-D855-459E-6379D1819F83}"
EndProject
Global
	GlobalSection(SolutionConfigurationPlatforms) = preSolution
		Debug|Any CPU = Debug|Any CPU
		Release|Any CPU = Release|Any CPU
	EndGlobalSection
	GlobalSection(ProjectConfigurationPlatforms) = postSolution
		{47427FFB-C1A9-6EDE-3DBC-76E4055DF245}.Debug|Any CPU.ActiveCfg = Debug|Any CPU
		{47427FFB-C1A9-6EDE-3DBC-76E4055DF245}.Debug|Any CPU.Build.0 = Debug|Any CPU
		{47427FFB-C1A9-6EDE-3DBC-76E4055DF245}.Release|Any CPU.ActiveCfg = Release|Any CPU
		{47427FFB-C1A9-6EDE-3DBC-76E4055DF245}.Release|Any CPU.Build.0 = Release|Any CPU
		{6B5DAF41-1953-F68F-6420-E2930E42B619}.Debug|Any CPU.ActiveCfg = Debug|Any CPU
		{6B5DAF41-1953-F68F-6420-E2930E42B619}.Debug|Any CPU.Build.0 = Debug|Any CPU
		{6B5DAF41-1953-F68F-6420-E2930E42B619}.Release|Any CPU.ActiveCfg = Release|Any CPU
		{6B5DAF41-1953-F68F-6420-E2930E42B619}.Release|Any CPU.Build.0 = Release|Any CPU
		{F8B865A1-1697-010C-3D28-708E0D873522}.Debug|Any CPU.ActiveCfg = Debug|Any CPU
		{F8B865A1-1697-010C-3D28-708E0D873522}.Debug|Any CPU.Build.0 = Debug|Any CPU
		{F8B865A1-1697-010C-3D28-708E0D873522}.Release|Any CPU.ActiveCfg = Release|Any CPU
		{F8B865A1-1697-010C-3D28-708E0D873522}.Release|Any CPU.Build.0 = Release|Any CPU
		{645CA900-4F83-6F40-4180-55434537FCD5}.Debug|Any CPU.ActiveCfg = Debug|Any CPU
		{645CA900-4F83-6F40-4180-55434537FCD5}.Debug|Any CPU.Build.0 = Debug|Any CPU
		{645CA900-4F83-6F40-4180-55434537FCD5}.Release|Any CPU.ActiveCfg = Release|Any CPU
		{645CA900-4F83-6F40-4180-55434537FCD5}.Release|Any CPU.Build.0 = Release|Any CPU
		{2AC25D90-1628-B4AC-089F-0F6155F544CF}.Debug|Any CPU.ActiveCfg = Debug|Any CPU
		{2AC25D90-1628-B4AC-089F-0F6155F544CF}.Debug|Any CPU.Build.0 = Debug|Any CPU
		{2AC25D90-1628-B4AC-089F-0F6155F544CF}.Release|Any CPU.ActiveCfg = Release|Any CPU
		{2AC25D90-1628-B4AC-089F-0F6155F544CF}.Release|Any CPU.Build.0 = Release|Any CPU
		{AD556184-ED5B-9234-4E06-59F8FE501D82}.Debug|Any CPU.ActiveCfg = Debug|Any CPU
		{AD556184-ED5B-9234-4E06-59F8FE501D82}.Debug|Any CPU.Build.0 = Debug|Any CPU
		{AD556184-ED5B-9234-4E06-59F8FE501D82}.Release|Any CPU.ActiveCfg = Release|Any CPU
		{AD556184-ED5B-9234-4E06-59F8FE501D82}.Release|Any CPU.Build.0 = Release|Any CPU
		{CC5A9ABA-F6CE-D1CD-4065-13D897444B04}.Debug|Any CPU.ActiveCfg = Debug|Any CPU
		{CC5A9ABA-F6CE-D1CD-4065-13D897444B04}.Debug|Any CPU.Build.0 = Debug|Any CPU
		{CC5A9ABA-F6CE-D1CD-4065-13D897444B04}.Release|Any CPU.ActiveCfg = Release|Any CPU
		{CC5A9ABA-F6CE-D1CD-4065-13D897444B04}.Release|Any CPU.Build.0 = Release|Any CPU
		{9578C780-BA10-B86B-53BB-35B6DF17B301}.Debug|Any CPU.ActiveCfg = Debug|Any CPU
		{9578C780-BA10-B86B-53BB-35B6DF17B301}.Debug|Any CPU.Build.0 = Debug|Any CPU
		{9578C780-BA10-B86B-53BB-35B6DF17B301}.Release|Any CPU.ActiveCfg = Release|Any CPU
		{9578C780-BA10-B86B-53BB-35B6DF17B301}.Release|Any CPU.Build.0 = Release|Any CPU
		{368E381C-080C-A667-1155-69671C18AE19}.Debug|Any CPU.ActiveCfg = Debug|Any CPU
		{368E381C-080C-A667-1155-69671C18AE19}.Debug|Any CPU.Build.0 = Debug|Any CPU
		{368E381C-080C-A667-1155-69671C18AE19}.Release|Any CPU.ActiveCfg = Release|Any CPU
		{368E381C-080C-A667-1155-69671C18AE19}.Release|Any CPU.Build.0 = Release|Any CPU
		{AA943317-E179-709D-EA76-6B8B31B5234F}.Debug|Any CPU.ActiveCfg = Debug|Any CPU
		{AA943317-E179-709D-EA76-6B8B31B5234F}.Debug|Any CPU.Build.0 = Debug|Any CPU
		{AA943317-E179-709D-EA76-6B8B31B5234F}.Release|Any CPU.ActiveCfg = Release|Any CPU
		{AA943317-E179-709D-EA76-6B8B31B5234F}.Release|Any CPU.Build.0 = Release|Any CPU
		{1E739B55-B420-C3F3-CCBB-438659530DE4}.Debug|Any CPU.ActiveCfg = Debug|Any CPU
		{1E739B55-B420-C3F3-CCBB-438659530DE4}.Debug|Any CPU.Build.0 = Debug|Any CPU
		{1E739B55-B420-C3F3-CCBB-438659530DE4}.Release|Any CPU.ActiveCfg = Release|Any CPU
		{1E739B55-B420-C3F3-CCBB-438659530DE4}.Release|Any CPU.Build.0 = Release|Any CPU
		{2544A29D-69BA-D2BA-EA46-57698415AB1D}.Debug|Any CPU.ActiveCfg = Debug|Any CPU
		{2544A29D-69BA-D2BA-EA46-57698415AB1D}.Debug|Any CPU.Build.0 = Debug|Any CPU
		{2544A29D-69BA-D2BA-EA46-57698415AB1D}.Release|Any CPU.ActiveCfg = Release|Any CPU
		{2544A29D-69BA-D2BA-EA46-57698415AB1D}.Release|Any CPU.Build.0 = Release|Any CPU
		{2D6A2A0F-B716-DF75-803E-C09554AC15F5}.Debug|Any CPU.ActiveCfg = Debug|Any CPU
		{2D6A2A0F-B716-DF75-803E-C09554AC15F5}.Debug|Any CPU.Build.0 = Debug|Any CPU
		{2D6A2A0F-B716-DF75-803E-C09554AC15F5}.Release|Any CPU.ActiveCfg = Release|Any CPU
		{2D6A2A0F-B716-DF75-803E-C09554AC15F5}.Release|Any CPU.Build.0 = Release|Any CPU
		{5100A34F-664B-39C9-36F9-C7F163E64930}.Debug|Any CPU.ActiveCfg = Debug|Any CPU
		{5100A34F-664B-39C9-36F9-C7F163E64930}.Debug|Any CPU.Build.0 = Debug|Any CPU
		{5100A34F-664B-39C9-36F9-C7F163E64930}.Release|Any CPU.ActiveCfg = Release|Any CPU
		{5100A34F-664B-39C9-36F9-C7F163E64930}.Release|Any CPU.Build.0 = Release|Any CPU
		{A500CAEE-7560-6C94-6003-FA3A6E9160A6}.Debug|Any CPU.ActiveCfg = Debug|Any CPU
		{A500CAEE-7560-6C94-6003-FA3A6E9160A6}.Debug|Any CPU.Build.0 = Debug|Any CPU
		{A500CAEE-7560-6C94-6003-FA3A6E9160A6}.Release|Any CPU.ActiveCfg = Release|Any CPU
		{A500CAEE-7560-6C94-6003-FA3A6E9160A6}.Release|Any CPU.Build.0 = Release|Any CPU
		{11565AAB-7A01-D035-6611-B1AFE47D530C}.Debug|Any CPU.ActiveCfg = Debug|Any CPU
		{11565AAB-7A01-D035-6611-B1AFE47D530C}.Debug|Any CPU.Build.0 = Debug|Any CPU
		{11565AAB-7A01-D035-6611-B1AFE47D530C}.Release|Any CPU.ActiveCfg = Release|Any CPU
		{11565AAB-7A01-D035-6611-B1AFE47D530C}.Release|Any CPU.Build.0 = Release|Any CPU
		{ADC72A94-9342-517C-F65A-1A9737DC82AB}.Debug|Any CPU.ActiveCfg = Debug|Any CPU
		{ADC72A94-9342-517C-F65A-1A9737DC82AB}.Debug|Any CPU.Build.0 = Debug|Any CPU
		{ADC72A94-9342-517C-F65A-1A9737DC82AB}.Release|Any CPU.ActiveCfg = Release|Any CPU
		{ADC72A94-9342-517C-F65A-1A9737DC82AB}.Release|Any CPU.Build.0 = Release|Any CPU
		{BB37C27E-DA66-6950-439F-AE490D092F49}.Debug|Any CPU.ActiveCfg = Debug|Any CPU
		{BB37C27E-DA66-6950-439F-AE490D092F49}.Debug|Any CPU.Build.0 = Debug|Any CPU
		{BB37C27E-DA66-6950-439F-AE490D092F49}.Release|Any CPU.ActiveCfg = Release|Any CPU
		{BB37C27E-DA66-6950-439F-AE490D092F49}.Release|Any CPU.Build.0 = Release|Any CPU
		{B78F1A6E-AA7F-78B5-8FA9-8A90BB7AA533}.Debug|Any CPU.ActiveCfg = Debug|Any CPU
		{B78F1A6E-AA7F-78B5-8FA9-8A90BB7AA533}.Debug|Any CPU.Build.0 = Debug|Any CPU
		{B78F1A6E-AA7F-78B5-8FA9-8A90BB7AA533}.Release|Any CPU.ActiveCfg = Release|Any CPU
		{B78F1A6E-AA7F-78B5-8FA9-8A90BB7AA533}.Release|Any CPU.Build.0 = Release|Any CPU
		{43271691-53F8-F50D-B489-718F00ECF652}.Debug|Any CPU.ActiveCfg = Debug|Any CPU
		{43271691-53F8-F50D-B489-718F00ECF652}.Debug|Any CPU.Build.0 = Debug|Any CPU
		{43271691-53F8-F50D-B489-718F00ECF652}.Release|Any CPU.ActiveCfg = Release|Any CPU
		{43271691-53F8-F50D-B489-718F00ECF652}.Release|Any CPU.Build.0 = Release|Any CPU
		{73142394-0CEA-AE42-C707-499EE83E3DED}.Debug|Any CPU.ActiveCfg = Debug|Any CPU
		{73142394-0CEA-AE42-C707-499EE83E3DED}.Debug|Any CPU.Build.0 = Debug|Any CPU
		{73142394-0CEA-AE42-C707-499EE83E3DED}.Release|Any CPU.ActiveCfg = Release|Any CPU
		{73142394-0CEA-AE42-C707-499EE83E3DED}.Release|Any CPU.Build.0 = Release|Any CPU
		{837832ED-F20A-9886-FCA1-F06C42E9B90C}.Debug|Any CPU.ActiveCfg = Debug|Any CPU
		{837832ED-F20A-9886-FCA1-F06C42E9B90C}.Debug|Any CPU.Build.0 = Debug|Any CPU
		{837832ED-F20A-9886-FCA1-F06C42E9B90C}.Release|Any CPU.ActiveCfg = Release|Any CPU
		{837832ED-F20A-9886-FCA1-F06C42E9B90C}.Release|Any CPU.Build.0 = Release|Any CPU
		{31D5D72F-7298-3977-5DD1-8809448DE64C}.Debug|Any CPU.ActiveCfg = Debug|Any CPU
		{31D5D72F-7298-3977-5DD1-8809448DE64C}.Debug|Any CPU.Build.0 = Debug|Any CPU
		{31D5D72F-7298-3977-5DD1-8809448DE64C}.Release|Any CPU.ActiveCfg = Release|Any CPU
		{31D5D72F-7298-3977-5DD1-8809448DE64C}.Release|Any CPU.Build.0 = Release|Any CPU
		{9507DA14-F32F-7AEB-FCEE-4567B1E7D632}.Debug|Any CPU.ActiveCfg = Debug|Any CPU
		{9507DA14-F32F-7AEB-FCEE-4567B1E7D632}.Debug|Any CPU.Build.0 = Debug|Any CPU
		{9507DA14-F32F-7AEB-FCEE-4567B1E7D632}.Release|Any CPU.ActiveCfg = Release|Any CPU
		{9507DA14-F32F-7AEB-FCEE-4567B1E7D632}.Release|Any CPU.Build.0 = Release|Any CPU
		{E207C678-F39C-7CB6-7063-D770C3C35114}.Debug|Any CPU.ActiveCfg = Debug|Any CPU
		{E207C678-F39C-7CB6-7063-D770C3C35114}.Debug|Any CPU.Build.0 = Debug|Any CPU
		{E207C678-F39C-7CB6-7063-D770C3C35114}.Release|Any CPU.ActiveCfg = Release|Any CPU
		{E207C678-F39C-7CB6-7063-D770C3C35114}.Release|Any CPU.Build.0 = Release|Any CPU
		{AA45A04A-F782-6B13-D7F2-755146464BE1}.Debug|Any CPU.ActiveCfg = Debug|Any CPU
		{AA45A04A-F782-6B13-D7F2-755146464BE1}.Debug|Any CPU.Build.0 = Debug|Any CPU
		{AA45A04A-F782-6B13-D7F2-755146464BE1}.Release|Any CPU.ActiveCfg = Release|Any CPU
		{AA45A04A-F782-6B13-D7F2-755146464BE1}.Release|Any CPU.Build.0 = Release|Any CPU
		{0F33EB79-3378-ABB0-7C87-99E0358A3214}.Debug|Any CPU.ActiveCfg = Debug|Any CPU
		{0F33EB79-3378-ABB0-7C87-99E0358A3214}.Debug|Any CPU.Build.0 = Debug|Any CPU
		{0F33EB79-3378-ABB0-7C87-99E0358A3214}.Release|Any CPU.ActiveCfg = Release|Any CPU
		{0F33EB79-3378-ABB0-7C87-99E0358A3214}.Release|Any CPU.Build.0 = Release|Any CPU
		{3EE64E13-4A8D-0F91-6DA6-1480265DB243}.Debug|Any CPU.ActiveCfg = Debug|Any CPU
		{3EE64E13-4A8D-0F91-6DA6-1480265DB243}.Debug|Any CPU.Build.0 = Debug|Any CPU
		{3EE64E13-4A8D-0F91-6DA6-1480265DB243}.Release|Any CPU.ActiveCfg = Release|Any CPU
		{3EE64E13-4A8D-0F91-6DA6-1480265DB243}.Release|Any CPU.Build.0 = Release|Any CPU
		{AAFFFC75-0234-8C6E-670A-D1FBCBC2D9B7}.Debug|Any CPU.ActiveCfg = Debug|Any CPU
		{AAFFFC75-0234-8C6E-670A-D1FBCBC2D9B7}.Debug|Any CPU.Build.0 = Debug|Any CPU
		{AAFFFC75-0234-8C6E-670A-D1FBCBC2D9B7}.Release|Any CPU.ActiveCfg = Release|Any CPU
		{AAFFFC75-0234-8C6E-670A-D1FBCBC2D9B7}.Release|Any CPU.Build.0 = Release|Any CPU
		{AFD57904-DB3F-29A0-43FD-42AF8B0B7BAB}.Debug|Any CPU.ActiveCfg = Debug|Any CPU
		{AFD57904-DB3F-29A0-43FD-42AF8B0B7BAB}.Debug|Any CPU.Build.0 = Debug|Any CPU
		{AFD57904-DB3F-29A0-43FD-42AF8B0B7BAB}.Release|Any CPU.ActiveCfg = Release|Any CPU
		{AFD57904-DB3F-29A0-43FD-42AF8B0B7BAB}.Release|Any CPU.Build.0 = Release|Any CPU
		{D5DAD9B3-2686-652E-EDE1-736795D6DC0B}.Debug|Any CPU.ActiveCfg = Debug|Any CPU
		{D5DAD9B3-2686-652E-EDE1-736795D6DC0B}.Debug|Any CPU.Build.0 = Debug|Any CPU
		{D5DAD9B3-2686-652E-EDE1-736795D6DC0B}.Release|Any CPU.ActiveCfg = Release|Any CPU
		{D5DAD9B3-2686-652E-EDE1-736795D6DC0B}.Release|Any CPU.Build.0 = Release|Any CPU
		{3D5B604B-57AA-5F02-3C53-2ACAF2A0DEE1}.Debug|Any CPU.ActiveCfg = Debug|Any CPU
		{3D5B604B-57AA-5F02-3C53-2ACAF2A0DEE1}.Debug|Any CPU.Build.0 = Debug|Any CPU
		{3D5B604B-57AA-5F02-3C53-2ACAF2A0DEE1}.Release|Any CPU.ActiveCfg = Release|Any CPU
		{3D5B604B-57AA-5F02-3C53-2ACAF2A0DEE1}.Release|Any CPU.Build.0 = Release|Any CPU
		{B46C5DDD-245E-3F60-08B3-4E4C6952622C}.Debug|Any CPU.ActiveCfg = Debug|Any CPU
		{B46C5DDD-245E-3F60-08B3-4E4C6952622C}.Debug|Any CPU.Build.0 = Debug|Any CPU
		{B46C5DDD-245E-3F60-08B3-4E4C6952622C}.Release|Any CPU.ActiveCfg = Release|Any CPU
		{B46C5DDD-245E-3F60-08B3-4E4C6952622C}.Release|Any CPU.Build.0 = Release|Any CPU
		{4A8E213D-B820-5734-9F4A-543B5F92376A}.Debug|Any CPU.ActiveCfg = Debug|Any CPU
		{4A8E213D-B820-5734-9F4A-543B5F92376A}.Debug|Any CPU.Build.0 = Debug|Any CPU
		{4A8E213D-B820-5734-9F4A-543B5F92376A}.Release|Any CPU.ActiveCfg = Release|Any CPU
		{4A8E213D-B820-5734-9F4A-543B5F92376A}.Release|Any CPU.Build.0 = Release|Any CPU
		{DA7AB9B9-9900-E41A-2262-B9681FF02C2F}.Debug|Any CPU.ActiveCfg = Debug|Any CPU
		{DA7AB9B9-9900-E41A-2262-B9681FF02C2F}.Debug|Any CPU.Build.0 = Debug|Any CPU
		{DA7AB9B9-9900-E41A-2262-B9681FF02C2F}.Release|Any CPU.ActiveCfg = Release|Any CPU
		{DA7AB9B9-9900-E41A-2262-B9681FF02C2F}.Release|Any CPU.Build.0 = Release|Any CPU
		{26D6B139-AF26-CF8B-C4C2-F682769FD967}.Debug|Any CPU.ActiveCfg = Debug|Any CPU
		{26D6B139-AF26-CF8B-C4C2-F682769FD967}.Debug|Any CPU.Build.0 = Debug|Any CPU
		{26D6B139-AF26-CF8B-C4C2-F682769FD967}.Release|Any CPU.ActiveCfg = Release|Any CPU
		{26D6B139-AF26-CF8B-C4C2-F682769FD967}.Release|Any CPU.Build.0 = Release|Any CPU
		{EFF5CABB-6455-0AFD-75AF-B2C54DD49A60}.Debug|Any CPU.ActiveCfg = Debug|Any CPU
		{EFF5CABB-6455-0AFD-75AF-B2C54DD49A60}.Debug|Any CPU.Build.0 = Debug|Any CPU
		{EFF5CABB-6455-0AFD-75AF-B2C54DD49A60}.Release|Any CPU.ActiveCfg = Release|Any CPU
		{EFF5CABB-6455-0AFD-75AF-B2C54DD49A60}.Release|Any CPU.Build.0 = Release|Any CPU
		{3A0AFE27-0335-5545-796D-286EA5BEF9D5}.Debug|Any CPU.ActiveCfg = Debug|Any CPU
		{3A0AFE27-0335-5545-796D-286EA5BEF9D5}.Debug|Any CPU.Build.0 = Debug|Any CPU
		{3A0AFE27-0335-5545-796D-286EA5BEF9D5}.Release|Any CPU.ActiveCfg = Release|Any CPU
		{3A0AFE27-0335-5545-796D-286EA5BEF9D5}.Release|Any CPU.Build.0 = Release|Any CPU
		{0E9AF749-7287-042B-3045-5E2CCBD26417}.Debug|Any CPU.ActiveCfg = Debug|Any CPU
		{0E9AF749-7287-042B-3045-5E2CCBD26417}.Debug|Any CPU.Build.0 = Debug|Any CPU
		{0E9AF749-7287-042B-3045-5E2CCBD26417}.Release|Any CPU.ActiveCfg = Release|Any CPU
		{0E9AF749-7287-042B-3045-5E2CCBD26417}.Release|Any CPU.Build.0 = Release|Any CPU
		{A3E7808B-F38A-8691-30F1-06308CA96652}.Debug|Any CPU.ActiveCfg = Debug|Any CPU
		{A3E7808B-F38A-8691-30F1-06308CA96652}.Debug|Any CPU.Build.0 = Debug|Any CPU
		{A3E7808B-F38A-8691-30F1-06308CA96652}.Release|Any CPU.ActiveCfg = Release|Any CPU
		{A3E7808B-F38A-8691-30F1-06308CA96652}.Release|Any CPU.Build.0 = Release|Any CPU
		{E4100354-A959-3E12-B822-335F7AC46A04}.Debug|Any CPU.ActiveCfg = Debug|Any CPU
		{E4100354-A959-3E12-B822-335F7AC46A04}.Debug|Any CPU.Build.0 = Debug|Any CPU
		{E4100354-A959-3E12-B822-335F7AC46A04}.Release|Any CPU.ActiveCfg = Release|Any CPU
		{E4100354-A959-3E12-B822-335F7AC46A04}.Release|Any CPU.Build.0 = Release|Any CPU
		{50F37A24-D792-F71D-BED9-C3AE8245A140}.Debug|Any CPU.ActiveCfg = Debug|Any CPU
		{50F37A24-D792-F71D-BED9-C3AE8245A140}.Debug|Any CPU.Build.0 = Debug|Any CPU
		{50F37A24-D792-F71D-BED9-C3AE8245A140}.Release|Any CPU.ActiveCfg = Release|Any CPU
		{50F37A24-D792-F71D-BED9-C3AE8245A140}.Release|Any CPU.Build.0 = Release|Any CPU
		{ECC601E5-0E0D-CDF1-D284-E4B575652F5D}.Debug|Any CPU.ActiveCfg = Debug|Any CPU
		{ECC601E5-0E0D-CDF1-D284-E4B575652F5D}.Debug|Any CPU.Build.0 = Debug|Any CPU
		{ECC601E5-0E0D-CDF1-D284-E4B575652F5D}.Release|Any CPU.ActiveCfg = Release|Any CPU
		{ECC601E5-0E0D-CDF1-D284-E4B575652F5D}.Release|Any CPU.Build.0 = Release|Any CPU
		{9E743BFB-E338-4B27-0B30-35F112DF1EC4}.Debug|Any CPU.ActiveCfg = Debug|Any CPU
		{9E743BFB-E338-4B27-0B30-35F112DF1EC4}.Debug|Any CPU.Build.0 = Debug|Any CPU
		{9E743BFB-E338-4B27-0B30-35F112DF1EC4}.Release|Any CPU.ActiveCfg = Release|Any CPU
		{9E743BFB-E338-4B27-0B30-35F112DF1EC4}.Release|Any CPU.Build.0 = Release|Any CPU
		{AE7DD891-AA62-6E40-F186-44019A94ABA4}.Debug|Any CPU.ActiveCfg = Debug|Any CPU
		{AE7DD891-AA62-6E40-F186-44019A94ABA4}.Debug|Any CPU.Build.0 = Debug|Any CPU
		{AE7DD891-AA62-6E40-F186-44019A94ABA4}.Release|Any CPU.ActiveCfg = Release|Any CPU
		{AE7DD891-AA62-6E40-F186-44019A94ABA4}.Release|Any CPU.Build.0 = Release|Any CPU
		{512F1CA5-29F7-5AAF-FDDF-3A8ED3720D37}.Debug|Any CPU.ActiveCfg = Debug|Any CPU
		{512F1CA5-29F7-5AAF-FDDF-3A8ED3720D37}.Debug|Any CPU.Build.0 = Debug|Any CPU
		{512F1CA5-29F7-5AAF-FDDF-3A8ED3720D37}.Release|Any CPU.ActiveCfg = Release|Any CPU
		{512F1CA5-29F7-5AAF-FDDF-3A8ED3720D37}.Release|Any CPU.Build.0 = Release|Any CPU
		{084CA2F2-58C3-E02C-A55A-125C33EF2B6B}.Debug|Any CPU.ActiveCfg = Debug|Any CPU
		{084CA2F2-58C3-E02C-A55A-125C33EF2B6B}.Debug|Any CPU.Build.0 = Debug|Any CPU
		{084CA2F2-58C3-E02C-A55A-125C33EF2B6B}.Release|Any CPU.ActiveCfg = Release|Any CPU
		{084CA2F2-58C3-E02C-A55A-125C33EF2B6B}.Release|Any CPU.Build.0 = Release|Any CPU
		{DF82854F-A73F-FF92-BB8C-93759F5CD551}.Debug|Any CPU.ActiveCfg = Debug|Any CPU
		{DF82854F-A73F-FF92-BB8C-93759F5CD551}.Debug|Any CPU.Build.0 = Debug|Any CPU
		{DF82854F-A73F-FF92-BB8C-93759F5CD551}.Release|Any CPU.ActiveCfg = Release|Any CPU
		{DF82854F-A73F-FF92-BB8C-93759F5CD551}.Release|Any CPU.Build.0 = Release|Any CPU
		{9D1C29F5-9B4C-5DBD-53B4-45BCF5B9ADFB}.Debug|Any CPU.ActiveCfg = Debug|Any CPU
		{9D1C29F5-9B4C-5DBD-53B4-45BCF5B9ADFB}.Debug|Any CPU.Build.0 = Debug|Any CPU
		{9D1C29F5-9B4C-5DBD-53B4-45BCF5B9ADFB}.Release|Any CPU.ActiveCfg = Release|Any CPU
		{9D1C29F5-9B4C-5DBD-53B4-45BCF5B9ADFB}.Release|Any CPU.Build.0 = Release|Any CPU
		{10869D1B-FF5F-4137-7445-332D234618BE}.Debug|Any CPU.ActiveCfg = Debug|Any CPU
		{10869D1B-FF5F-4137-7445-332D234618BE}.Debug|Any CPU.Build.0 = Debug|Any CPU
		{10869D1B-FF5F-4137-7445-332D234618BE}.Release|Any CPU.ActiveCfg = Release|Any CPU
		{10869D1B-FF5F-4137-7445-332D234618BE}.Release|Any CPU.Build.0 = Release|Any CPU
		{EA38D73A-4AE3-D21E-3590-84C8B44294E0}.Debug|Any CPU.ActiveCfg = Debug|Any CPU
		{EA38D73A-4AE3-D21E-3590-84C8B44294E0}.Debug|Any CPU.Build.0 = Debug|Any CPU
		{EA38D73A-4AE3-D21E-3590-84C8B44294E0}.Release|Any CPU.ActiveCfg = Release|Any CPU
		{EA38D73A-4AE3-D21E-3590-84C8B44294E0}.Release|Any CPU.Build.0 = Release|Any CPU
		{4F0840BE-F328-29F4-88A7-ED780C004795}.Debug|Any CPU.ActiveCfg = Debug|Any CPU
		{4F0840BE-F328-29F4-88A7-ED780C004795}.Debug|Any CPU.Build.0 = Debug|Any CPU
		{4F0840BE-F328-29F4-88A7-ED780C004795}.Release|Any CPU.ActiveCfg = Release|Any CPU
		{4F0840BE-F328-29F4-88A7-ED780C004795}.Release|Any CPU.Build.0 = Release|Any CPU
		{54704330-EAAF-8326-766E-DC82C1C84151}.Debug|Any CPU.ActiveCfg = Debug|Any CPU
		{54704330-EAAF-8326-766E-DC82C1C84151}.Debug|Any CPU.Build.0 = Debug|Any CPU
		{54704330-EAAF-8326-766E-DC82C1C84151}.Release|Any CPU.ActiveCfg = Release|Any CPU
		{54704330-EAAF-8326-766E-DC82C1C84151}.Release|Any CPU.Build.0 = Release|Any CPU
		{CF20A0C1-D5DC-49DA-5C90-3D861AD2F505}.Debug|Any CPU.ActiveCfg = Debug|Any CPU
		{CF20A0C1-D5DC-49DA-5C90-3D861AD2F505}.Debug|Any CPU.Build.0 = Debug|Any CPU
		{CF20A0C1-D5DC-49DA-5C90-3D861AD2F505}.Release|Any CPU.ActiveCfg = Release|Any CPU
		{CF20A0C1-D5DC-49DA-5C90-3D861AD2F505}.Release|Any CPU.Build.0 = Release|Any CPU
		{8DE9B3BC-47DB-7419-0A22-3827582B33F0}.Debug|Any CPU.ActiveCfg = Debug|Any CPU
		{8DE9B3BC-47DB-7419-0A22-3827582B33F0}.Debug|Any CPU.Build.0 = Debug|Any CPU
		{8DE9B3BC-47DB-7419-0A22-3827582B33F0}.Release|Any CPU.ActiveCfg = Release|Any CPU
		{8DE9B3BC-47DB-7419-0A22-3827582B33F0}.Release|Any CPU.Build.0 = Release|Any CPU
		{95824A19-9229-39AB-4DE4-0C8417B06B06}.Debug|Any CPU.ActiveCfg = Debug|Any CPU
		{95824A19-9229-39AB-4DE4-0C8417B06B06}.Debug|Any CPU.Build.0 = Debug|Any CPU
		{95824A19-9229-39AB-4DE4-0C8417B06B06}.Release|Any CPU.ActiveCfg = Release|Any CPU
		{95824A19-9229-39AB-4DE4-0C8417B06B06}.Release|Any CPU.Build.0 = Release|Any CPU
		{44FCC546-BD6E-E112-1E70-7C59A790A13C}.Debug|Any CPU.ActiveCfg = Debug|Any CPU
		{44FCC546-BD6E-E112-1E70-7C59A790A13C}.Debug|Any CPU.Build.0 = Debug|Any CPU
		{44FCC546-BD6E-E112-1E70-7C59A790A13C}.Release|Any CPU.ActiveCfg = Release|Any CPU
		{44FCC546-BD6E-E112-1E70-7C59A790A13C}.Release|Any CPU.Build.0 = Release|Any CPU
		{F592E91C-FE3C-D0F8-25BB-415D6DA2A494}.Debug|Any CPU.ActiveCfg = Debug|Any CPU
		{F592E91C-FE3C-D0F8-25BB-415D6DA2A494}.Debug|Any CPU.Build.0 = Debug|Any CPU
		{F592E91C-FE3C-D0F8-25BB-415D6DA2A494}.Release|Any CPU.ActiveCfg = Release|Any CPU
		{F592E91C-FE3C-D0F8-25BB-415D6DA2A494}.Release|Any CPU.Build.0 = Release|Any CPU
		{32AE8A44-F36B-13F6-86B2-976E8E73459C}.Debug|Any CPU.ActiveCfg = Debug|Any CPU
		{32AE8A44-F36B-13F6-86B2-976E8E73459C}.Debug|Any CPU.Build.0 = Debug|Any CPU
		{32AE8A44-F36B-13F6-86B2-976E8E73459C}.Release|Any CPU.ActiveCfg = Release|Any CPU
		{32AE8A44-F36B-13F6-86B2-976E8E73459C}.Release|Any CPU.Build.0 = Release|Any CPU
		{808B46B4-8942-0DFF-C3B5-BA18D3F3C251}.Debug|Any CPU.ActiveCfg = Debug|Any CPU
		{808B46B4-8942-0DFF-C3B5-BA18D3F3C251}.Debug|Any CPU.Build.0 = Debug|Any CPU
		{808B46B4-8942-0DFF-C3B5-BA18D3F3C251}.Release|Any CPU.ActiveCfg = Release|Any CPU
		{808B46B4-8942-0DFF-C3B5-BA18D3F3C251}.Release|Any CPU.Build.0 = Release|Any CPU
		{DB30AC8F-D2B6-3BC8-FDB2-35653113A20E}.Debug|Any CPU.ActiveCfg = Debug|Any CPU
		{DB30AC8F-D2B6-3BC8-FDB2-35653113A20E}.Debug|Any CPU.Build.0 = Debug|Any CPU
		{DB30AC8F-D2B6-3BC8-FDB2-35653113A20E}.Release|Any CPU.ActiveCfg = Release|Any CPU
		{DB30AC8F-D2B6-3BC8-FDB2-35653113A20E}.Release|Any CPU.Build.0 = Release|Any CPU
		{C63B38DE-A619-C908-14CC-76416A6A4BA3}.Debug|Any CPU.ActiveCfg = Debug|Any CPU
		{C63B38DE-A619-C908-14CC-76416A6A4BA3}.Debug|Any CPU.Build.0 = Debug|Any CPU
		{C63B38DE-A619-C908-14CC-76416A6A4BA3}.Release|Any CPU.ActiveCfg = Release|Any CPU
		{C63B38DE-A619-C908-14CC-76416A6A4BA3}.Release|Any CPU.Build.0 = Release|Any CPU
		{A96BA0B3-D72A-1D3E-36FE-21F98722B630}.Debug|Any CPU.ActiveCfg = Debug|Any CPU
		{A96BA0B3-D72A-1D3E-36FE-21F98722B630}.Debug|Any CPU.Build.0 = Debug|Any CPU
		{A96BA0B3-D72A-1D3E-36FE-21F98722B630}.Release|Any CPU.ActiveCfg = Release|Any CPU
		{A96BA0B3-D72A-1D3E-36FE-21F98722B630}.Release|Any CPU.Build.0 = Release|Any CPU
		{C25F3A91-AD85-68A5-12FD-0F4317E8B0B3}.Debug|Any CPU.ActiveCfg = Debug|Any CPU
		{C25F3A91-AD85-68A5-12FD-0F4317E8B0B3}.Debug|Any CPU.Build.0 = Debug|Any CPU
		{C25F3A91-AD85-68A5-12FD-0F4317E8B0B3}.Release|Any CPU.ActiveCfg = Release|Any CPU
		{C25F3A91-AD85-68A5-12FD-0F4317E8B0B3}.Release|Any CPU.Build.0 = Release|Any CPU
		{4E47EC37-F796-F8C7-7028-5D15A9A12E08}.Debug|Any CPU.ActiveCfg = Debug|Any CPU
		{4E47EC37-F796-F8C7-7028-5D15A9A12E08}.Debug|Any CPU.Build.0 = Debug|Any CPU
		{4E47EC37-F796-F8C7-7028-5D15A9A12E08}.Release|Any CPU.ActiveCfg = Release|Any CPU
		{4E47EC37-F796-F8C7-7028-5D15A9A12E08}.Release|Any CPU.Build.0 = Release|Any CPU
		{AC59AB0F-99EE-6BE5-9B54-BFF3E1EFE6CC}.Debug|Any CPU.ActiveCfg = Debug|Any CPU
		{AC59AB0F-99EE-6BE5-9B54-BFF3E1EFE6CC}.Debug|Any CPU.Build.0 = Debug|Any CPU
		{AC59AB0F-99EE-6BE5-9B54-BFF3E1EFE6CC}.Release|Any CPU.ActiveCfg = Release|Any CPU
		{AC59AB0F-99EE-6BE5-9B54-BFF3E1EFE6CC}.Release|Any CPU.Build.0 = Release|Any CPU
		{241C84CF-528E-6069-D8FA-48F29ED0CB7B}.Debug|Any CPU.ActiveCfg = Debug|Any CPU
		{241C84CF-528E-6069-D8FA-48F29ED0CB7B}.Debug|Any CPU.Build.0 = Debug|Any CPU
		{241C84CF-528E-6069-D8FA-48F29ED0CB7B}.Release|Any CPU.ActiveCfg = Release|Any CPU
		{241C84CF-528E-6069-D8FA-48F29ED0CB7B}.Release|Any CPU.Build.0 = Release|Any CPU
		{E55B01C0-9880-09B6-5CCB-AACBAB9915FE}.Debug|Any CPU.ActiveCfg = Debug|Any CPU
		{E55B01C0-9880-09B6-5CCB-AACBAB9915FE}.Debug|Any CPU.Build.0 = Debug|Any CPU
		{E55B01C0-9880-09B6-5CCB-AACBAB9915FE}.Release|Any CPU.ActiveCfg = Release|Any CPU
		{E55B01C0-9880-09B6-5CCB-AACBAB9915FE}.Release|Any CPU.Build.0 = Release|Any CPU
		{7509A2E7-1847-9C56-00E1-A7A15490A9AF}.Debug|Any CPU.ActiveCfg = Debug|Any CPU
		{7509A2E7-1847-9C56-00E1-A7A15490A9AF}.Debug|Any CPU.Build.0 = Debug|Any CPU
		{7509A2E7-1847-9C56-00E1-A7A15490A9AF}.Release|Any CPU.ActiveCfg = Release|Any CPU
		{7509A2E7-1847-9C56-00E1-A7A15490A9AF}.Release|Any CPU.Build.0 = Release|Any CPU
		{83F3B785-F5CE-641B-9BF6-A0940B7F7A8A}.Debug|Any CPU.ActiveCfg = Debug|Any CPU
		{83F3B785-F5CE-641B-9BF6-A0940B7F7A8A}.Debug|Any CPU.Build.0 = Debug|Any CPU
		{83F3B785-F5CE-641B-9BF6-A0940B7F7A8A}.Release|Any CPU.ActiveCfg = Release|Any CPU
		{83F3B785-F5CE-641B-9BF6-A0940B7F7A8A}.Release|Any CPU.Build.0 = Release|Any CPU
		{0722ACC9-5524-C464-D4D1-68364DEE540D}.Debug|Any CPU.ActiveCfg = Debug|Any CPU
		{0722ACC9-5524-C464-D4D1-68364DEE540D}.Debug|Any CPU.Build.0 = Debug|Any CPU
		{0722ACC9-5524-C464-D4D1-68364DEE540D}.Release|Any CPU.ActiveCfg = Release|Any CPU
		{0722ACC9-5524-C464-D4D1-68364DEE540D}.Release|Any CPU.Build.0 = Release|Any CPU
		{8821AB13-EE60-05DD-C5DD-C16D3AC18C75}.Debug|Any CPU.ActiveCfg = Debug|Any CPU
		{8821AB13-EE60-05DD-C5DD-C16D3AC18C75}.Debug|Any CPU.Build.0 = Debug|Any CPU
		{8821AB13-EE60-05DD-C5DD-C16D3AC18C75}.Release|Any CPU.ActiveCfg = Release|Any CPU
		{8821AB13-EE60-05DD-C5DD-C16D3AC18C75}.Release|Any CPU.Build.0 = Release|Any CPU
		{6C53DF6A-F24E-5AC0-B543-7237E9FCC3BC}.Debug|Any CPU.ActiveCfg = Debug|Any CPU
		{6C53DF6A-F24E-5AC0-B543-7237E9FCC3BC}.Debug|Any CPU.Build.0 = Debug|Any CPU
		{6C53DF6A-F24E-5AC0-B543-7237E9FCC3BC}.Release|Any CPU.ActiveCfg = Release|Any CPU
		{6C53DF6A-F24E-5AC0-B543-7237E9FCC3BC}.Release|Any CPU.Build.0 = Release|Any CPU
		{B252E018-408E-EBCE-ADD0-DDAE87AC6538}.Debug|Any CPU.ActiveCfg = Debug|Any CPU
		{B252E018-408E-EBCE-ADD0-DDAE87AC6538}.Debug|Any CPU.Build.0 = Debug|Any CPU
		{B252E018-408E-EBCE-ADD0-DDAE87AC6538}.Release|Any CPU.ActiveCfg = Release|Any CPU
		{B252E018-408E-EBCE-ADD0-DDAE87AC6538}.Release|Any CPU.Build.0 = Release|Any CPU
		{66CEB1AF-9069-91C2-1E93-EEA381FA7653}.Debug|Any CPU.ActiveCfg = Debug|Any CPU
		{66CEB1AF-9069-91C2-1E93-EEA381FA7653}.Debug|Any CPU.Build.0 = Debug|Any CPU
		{66CEB1AF-9069-91C2-1E93-EEA381FA7653}.Release|Any CPU.ActiveCfg = Release|Any CPU
		{66CEB1AF-9069-91C2-1E93-EEA381FA7653}.Release|Any CPU.Build.0 = Release|Any CPU
		{6144769C-6876-F827-CDF3-B08FA827CC1A}.Debug|Any CPU.ActiveCfg = Debug|Any CPU
		{6144769C-6876-F827-CDF3-B08FA827CC1A}.Debug|Any CPU.Build.0 = Debug|Any CPU
		{6144769C-6876-F827-CDF3-B08FA827CC1A}.Release|Any CPU.ActiveCfg = Release|Any CPU
		{6144769C-6876-F827-CDF3-B08FA827CC1A}.Release|Any CPU.Build.0 = Release|Any CPU
		{4ACA1DB6-3521-93D8-8F78-AC2903FB268E}.Debug|Any CPU.ActiveCfg = Debug|Any CPU
		{4ACA1DB6-3521-93D8-8F78-AC2903FB268E}.Debug|Any CPU.Build.0 = Debug|Any CPU
		{4ACA1DB6-3521-93D8-8F78-AC2903FB268E}.Release|Any CPU.ActiveCfg = Release|Any CPU
		{4ACA1DB6-3521-93D8-8F78-AC2903FB268E}.Release|Any CPU.Build.0 = Release|Any CPU
		{A65624A6-4085-E0A8-C21D-EE3D09A725EB}.Debug|Any CPU.ActiveCfg = Debug|Any CPU
		{A65624A6-4085-E0A8-C21D-EE3D09A725EB}.Debug|Any CPU.Build.0 = Debug|Any CPU
		{A65624A6-4085-E0A8-C21D-EE3D09A725EB}.Release|Any CPU.ActiveCfg = Release|Any CPU
		{A65624A6-4085-E0A8-C21D-EE3D09A725EB}.Release|Any CPU.Build.0 = Release|Any CPU
		{5EB0A2C6-8F04-2936-467E-4E763C436AD6}.Debug|Any CPU.ActiveCfg = Debug|Any CPU
		{5EB0A2C6-8F04-2936-467E-4E763C436AD6}.Debug|Any CPU.Build.0 = Debug|Any CPU
		{5EB0A2C6-8F04-2936-467E-4E763C436AD6}.Release|Any CPU.ActiveCfg = Release|Any CPU
		{5EB0A2C6-8F04-2936-467E-4E763C436AD6}.Release|Any CPU.Build.0 = Release|Any CPU
		{94E601F4-C9CA-CA9A-EEB8-19A5435CA703}.Debug|Any CPU.ActiveCfg = Debug|Any CPU
		{94E601F4-C9CA-CA9A-EEB8-19A5435CA703}.Debug|Any CPU.Build.0 = Debug|Any CPU
		{94E601F4-C9CA-CA9A-EEB8-19A5435CA703}.Release|Any CPU.ActiveCfg = Release|Any CPU
		{94E601F4-C9CA-CA9A-EEB8-19A5435CA703}.Release|Any CPU.Build.0 = Release|Any CPU
		{39BEDCC3-500B-D25C-5D46-0E5C544070B5}.Debug|Any CPU.ActiveCfg = Debug|Any CPU
		{39BEDCC3-500B-D25C-5D46-0E5C544070B5}.Debug|Any CPU.Build.0 = Debug|Any CPU
		{39BEDCC3-500B-D25C-5D46-0E5C544070B5}.Release|Any CPU.ActiveCfg = Release|Any CPU
		{39BEDCC3-500B-D25C-5D46-0E5C544070B5}.Release|Any CPU.Build.0 = Release|Any CPU
		{B99BAB36-B432-EDFE-ADB1-490FE5A5C5FB}.Debug|Any CPU.ActiveCfg = Debug|Any CPU
		{B99BAB36-B432-EDFE-ADB1-490FE5A5C5FB}.Debug|Any CPU.Build.0 = Debug|Any CPU
		{B99BAB36-B432-EDFE-ADB1-490FE5A5C5FB}.Release|Any CPU.ActiveCfg = Release|Any CPU
		{B99BAB36-B432-EDFE-ADB1-490FE5A5C5FB}.Release|Any CPU.Build.0 = Release|Any CPU
		{D2AE828E-D670-2B30-AA30-1D71B52AA77E}.Debug|Any CPU.ActiveCfg = Debug|Any CPU
		{D2AE828E-D670-2B30-AA30-1D71B52AA77E}.Debug|Any CPU.Build.0 = Debug|Any CPU
		{D2AE828E-D670-2B30-AA30-1D71B52AA77E}.Release|Any CPU.ActiveCfg = Release|Any CPU
		{D2AE828E-D670-2B30-AA30-1D71B52AA77E}.Release|Any CPU.Build.0 = Release|Any CPU
		{1FCD62CC-6F28-A9BC-4DA5-D17F5497E47F}.Debug|Any CPU.ActiveCfg = Debug|Any CPU
		{1FCD62CC-6F28-A9BC-4DA5-D17F5497E47F}.Debug|Any CPU.Build.0 = Debug|Any CPU
		{1FCD62CC-6F28-A9BC-4DA5-D17F5497E47F}.Release|Any CPU.ActiveCfg = Release|Any CPU
		{1FCD62CC-6F28-A9BC-4DA5-D17F5497E47F}.Release|Any CPU.Build.0 = Release|Any CPU
		{0A1E0859-AA37-85D2-A904-58AAE9FA8752}.Debug|Any CPU.ActiveCfg = Debug|Any CPU
		{0A1E0859-AA37-85D2-A904-58AAE9FA8752}.Debug|Any CPU.Build.0 = Debug|Any CPU
		{0A1E0859-AA37-85D2-A904-58AAE9FA8752}.Release|Any CPU.ActiveCfg = Release|Any CPU
		{0A1E0859-AA37-85D2-A904-58AAE9FA8752}.Release|Any CPU.Build.0 = Release|Any CPU
		{379D0009-8338-372F-1482-7B3C1F9616CF}.Debug|Any CPU.ActiveCfg = Debug|Any CPU
		{379D0009-8338-372F-1482-7B3C1F9616CF}.Debug|Any CPU.Build.0 = Debug|Any CPU
		{379D0009-8338-372F-1482-7B3C1F9616CF}.Release|Any CPU.ActiveCfg = Release|Any CPU
		{379D0009-8338-372F-1482-7B3C1F9616CF}.Release|Any CPU.Build.0 = Release|Any CPU
		{9E6EA6C9-F427-BAA4-847B-59AA0FCA8869}.Debug|Any CPU.ActiveCfg = Debug|Any CPU
		{9E6EA6C9-F427-BAA4-847B-59AA0FCA8869}.Debug|Any CPU.Build.0 = Debug|Any CPU
		{9E6EA6C9-F427-BAA4-847B-59AA0FCA8869}.Release|Any CPU.ActiveCfg = Release|Any CPU
		{9E6EA6C9-F427-BAA4-847B-59AA0FCA8869}.Release|Any CPU.Build.0 = Release|Any CPU
		{26E1CC8C-DD51-FD7F-CDA2-23A1EAE66693}.Debug|Any CPU.ActiveCfg = Debug|Any CPU
		{26E1CC8C-DD51-FD7F-CDA2-23A1EAE66693}.Debug|Any CPU.Build.0 = Debug|Any CPU
		{26E1CC8C-DD51-FD7F-CDA2-23A1EAE66693}.Release|Any CPU.ActiveCfg = Release|Any CPU
		{26E1CC8C-DD51-FD7F-CDA2-23A1EAE66693}.Release|Any CPU.Build.0 = Release|Any CPU
		{5CCD7129-C362-6368-421E-354CDA3215CE}.Debug|Any CPU.ActiveCfg = Debug|Any CPU
		{5CCD7129-C362-6368-421E-354CDA3215CE}.Debug|Any CPU.Build.0 = Debug|Any CPU
		{5CCD7129-C362-6368-421E-354CDA3215CE}.Release|Any CPU.ActiveCfg = Release|Any CPU
		{5CCD7129-C362-6368-421E-354CDA3215CE}.Release|Any CPU.Build.0 = Release|Any CPU
		{5BB865D2-1A6A-D855-459E-6379D1819F83}.Debug|Any CPU.ActiveCfg = Debug|Any CPU
		{5BB865D2-1A6A-D855-459E-6379D1819F83}.Debug|Any CPU.Build.0 = Debug|Any CPU
		{5BB865D2-1A6A-D855-459E-6379D1819F83}.Release|Any CPU.ActiveCfg = Release|Any CPU
		{5BB865D2-1A6A-D855-459E-6379D1819F83}.Release|Any CPU.Build.0 = Release|Any CPU
	EndGlobalSection
	GlobalSection(SolutionProperties) = preSolution
		HideSolutionNode = FALSE
	EndGlobalSection
EndGlobal
