
Microsoft Visual Studio Solution File, Format Version 12.00
# Visual Studio Version 16
VisualStudioVersion = 16.0.34931.43
MinimumVisualStudioVersion = 10.0.40219.1
Project("{FAE04EC0-301F-11D3-BF4B-00C04F79EFBC}") = "特性作业", "特性作业\特性作业.csproj", "{E12BF5BA-27BA-4E98-B52B-0AAE24EC1EA5}"
EndProject
Global
	GlobalSection(SolutionConfigurationPlatforms) = preSolution
		Debug|Any CPU = Debug|Any CPU
		Release|Any CPU = Release|Any CPU
	EndGlobalSection
	GlobalSection(ProjectConfigurationPlatforms) = postSolution
		{E12BF5BA-27BA-4E98-B52B-0AAE24EC1EA5}.Debug|Any CPU.ActiveCfg = Debug|Any CPU
		{E12BF5BA-27BA-4E98-B52B-0AAE24EC1EA5}.Debug|Any CPU.Build.0 = Debug|Any CPU
		{E12BF5BA-27BA-4E98-B52B-0AAE24EC1EA5}.Release|Any CPU.ActiveCfg = Release|Any CPU
		{E12BF5BA-27BA-4E98-B52B-0AAE24EC1EA5}.Release|Any CPU.Build.0 = Release|Any CPU
	EndGlobalSection
	GlobalSection(SolutionProperties) = preSolution
		HideSolutionNode = FALSE
	EndGlobalSection
	GlobalSection(ExtensibilityGlobals) = postSolution
		SolutionGuid = {5BD23C15-B38F-4EF1-AC62-F009E71A643D}
	EndGlobalSection
EndGlobal
