
Microsoft Visual Studio Solution File, Format Version 12.00
# Visual Studio Version 17
VisualStudioVersion = 17.9.34701.34
MinimumVisualStudioVersion = 10.0.40219.1
Project("{9A19103F-16F7-4668-BE54-9A1E7A4F7556}") = "TangC#Unity_2024_12_9 显示转换", "TangC#Unity_2024_12_9 显示转换\TangC#Unity_2024_12_9 显示转换.csproj", "{0D1E4C80-239E-4685-B0A7-D7003E411DDD}"
EndProject
Project("{9A19103F-16F7-4668-BE54-9A1E7A4F7556}") = "TangC#Unity_2024_12_9 异常捕获", "TangC#Unity_2024_12_9 异常捕获\TangC#Unity_2024_12_9 异常捕获.csproj", "{B8E48E67-DFFC-46BD-8701-0F27E0E4905D}"
EndProject
Project("{9A19103F-16F7-4668-BE54-9A1E7A4F7556}") = "TangC#Unity_2024_12_9 算术运算符", "TangC#Unity_2024_12_9 算术运算符\TangC#Unity_2024_12_9 算术运算符.csproj", "{32DF1BD8-7B52-4644-A753-46B1FAC8CC08}"
EndProject
Project("{9A19103F-16F7-4668-BE54-9A1E7A4F7556}") = "TangC#Unity_2024_12_18 算数运算符", "TangC#Unity_2024_12_18 算数运算符\TangC#Unity_2024_12_18 算数运算符.csproj", "{C8BDF641-3E4B-4A50-8AAA-5F740F01A753}"
EndProject
Project("{9A19103F-16F7-4668-BE54-9A1E7A4F7556}") = "TangC#Unity_2024_12_18 字符串拼接", "TangC#Unity_2024_12_18 字符串拼接\TangC#Unity_2024_12_18 字符串拼接.csproj", "{2ACA1B4D-B752-4A5C-84A3-2CABA75A4C4A}"
EndProject
Project("{9A19103F-16F7-4668-BE54-9A1E7A4F7556}") = "TangC#Unity_2024_12_27 条件运算符", "TangC#Unity_2024_12_27 条件运算符\TangC#Unity_2024_12_27 条件运算符.csproj", "{C117ACBE-30CC-45F3-B22B-47F8ABDFA9EB}"
EndProject
Project("{9A19103F-16F7-4668-BE54-9A1E7A4F7556}") = "TangC#Unity_2024_12_27 逻辑运算符", "TangC#Unity_2024_12_27 逻辑运算符\TangC#Unity_2024_12_27 逻辑运算符.csproj", "{2BE4A31B-F3B9-4CD9-8DF7-38E0B9525520}"
EndProject
Project("{9A19103F-16F7-4668-BE54-9A1E7A4F7556}") = "TangC#Unity_2024_12_27 位运算符", "TangC#Unity_2024_12_27 位运算符\TangC#Unity_2024_12_27 位运算符.csproj", "{9B9E5C10-5A13-4D24-9AD6-CEC4E6F0FB9A}"
EndProject
Project("{9A19103F-16F7-4668-BE54-9A1E7A4F7556}") = "TangC#Unity_2024_12_27 三目运算符", "TangC#Unity_2024_12_27 三目运算符\TangC#Unity_2024_12_27 三目运算符.csproj", "{BDC8CE4F-0498-4FA1-8505-5EB603977E81}"
EndProject
Project("{9A19103F-16F7-4668-BE54-9A1E7A4F7556}") = "TangC#Unity_2024_12_27 if语句", "TangC#Unity_2024_12_27 if语句\TangC#Unity_2024_12_27 if语句.csproj", "{C3D49ABC-5A0F-4AC6-9D46-629971A380EC}"
EndProject
Project("{9A19103F-16F7-4668-BE54-9A1E7A4F7556}") = "TangC#Unity_2024_12_27 switch", "TangC#Unity_2024_12_27 switch\TangC#Unity_2024_12_27 switch.csproj", "{EA3A1FEF-7E65-4EB3-8263-F96DB8B44C4C}"
EndProject
Project("{9A19103F-16F7-4668-BE54-9A1E7A4F7556}") = "TangC#Unity_2024_12_28 while循环", "TangC#Unity_2024_12_28 while循环\TangC#Unity_2024_12_28 while循环.csproj", "{8ECA053F-3EF3-4AE1-A160-C56A61C3928A}"
EndProject
Project("{FAE04EC0-301F-11D3-BF4B-00C04F79EFBC}") = "TangC#Unity_2024_12_30 dowhile循环", "TangC#Unity_2024_12_30 dowhile循环\TangC#Unity_2024_12_30 dowhile循环.csproj", "{E996C0C0-A766-46C8-B746-1DBDE5C382CE}"
EndProject
Project("{FAE04EC0-301F-11D3-BF4B-00C04F79EFBC}") = "TangC#Unity_2024_12_30 for循环", "TangC#Unity_2024_12_30 for循环\TangC#Unity_2024_12_30 for循环.csproj", "{550D4883-7768-4BC8-A18B-08FD8C6E67D1}"
EndProject
Global
	GlobalSection(SolutionConfigurationPlatforms) = preSolution
		Debug|Any CPU = Debug|Any CPU
		Release|Any CPU = Release|Any CPU
	EndGlobalSection
	GlobalSection(ProjectConfigurationPlatforms) = postSolution
		{0D1E4C80-239E-4685-B0A7-D7003E411DDD}.Debug|Any CPU.ActiveCfg = Debug|Any CPU
		{0D1E4C80-239E-4685-B0A7-D7003E411DDD}.Debug|Any CPU.Build.0 = Debug|Any CPU
		{0D1E4C80-239E-4685-B0A7-D7003E411DDD}.Release|Any CPU.ActiveCfg = Release|Any CPU
		{0D1E4C80-239E-4685-B0A7-D7003E411DDD}.Release|Any CPU.Build.0 = Release|Any CPU
		{B8E48E67-DFFC-46BD-8701-0F27E0E4905D}.Debug|Any CPU.ActiveCfg = Debug|Any CPU
		{B8E48E67-DFFC-46BD-8701-0F27E0E4905D}.Debug|Any CPU.Build.0 = Debug|Any CPU
		{B8E48E67-DFFC-46BD-8701-0F27E0E4905D}.Release|Any CPU.ActiveCfg = Release|Any CPU
		{B8E48E67-DFFC-46BD-8701-0F27E0E4905D}.Release|Any CPU.Build.0 = Release|Any CPU
		{32DF1BD8-7B52-4644-A753-46B1FAC8CC08}.Debug|Any CPU.ActiveCfg = Debug|Any CPU
		{32DF1BD8-7B52-4644-A753-46B1FAC8CC08}.Debug|Any CPU.Build.0 = Debug|Any CPU
		{32DF1BD8-7B52-4644-A753-46B1FAC8CC08}.Release|Any CPU.ActiveCfg = Release|Any CPU
		{32DF1BD8-7B52-4644-A753-46B1FAC8CC08}.Release|Any CPU.Build.0 = Release|Any CPU
		{C8BDF641-3E4B-4A50-8AAA-5F740F01A753}.Debug|Any CPU.ActiveCfg = Debug|Any CPU
		{C8BDF641-3E4B-4A50-8AAA-5F740F01A753}.Debug|Any CPU.Build.0 = Debug|Any CPU
		{C8BDF641-3E4B-4A50-8AAA-5F740F01A753}.Release|Any CPU.ActiveCfg = Release|Any CPU
		{C8BDF641-3E4B-4A50-8AAA-5F740F01A753}.Release|Any CPU.Build.0 = Release|Any CPU
		{2ACA1B4D-B752-4A5C-84A3-2CABA75A4C4A}.Debug|Any CPU.ActiveCfg = Debug|Any CPU
		{2ACA1B4D-B752-4A5C-84A3-2CABA75A4C4A}.Debug|Any CPU.Build.0 = Debug|Any CPU
		{2ACA1B4D-B752-4A5C-84A3-2CABA75A4C4A}.Release|Any CPU.ActiveCfg = Release|Any CPU
		{2ACA1B4D-B752-4A5C-84A3-2CABA75A4C4A}.Release|Any CPU.Build.0 = Release|Any CPU
		{C117ACBE-30CC-45F3-B22B-47F8ABDFA9EB}.Debug|Any CPU.ActiveCfg = Debug|Any CPU
		{C117ACBE-30CC-45F3-B22B-47F8ABDFA9EB}.Debug|Any CPU.Build.0 = Debug|Any CPU
		{C117ACBE-30CC-45F3-B22B-47F8ABDFA9EB}.Release|Any CPU.ActiveCfg = Release|Any CPU
		{C117ACBE-30CC-45F3-B22B-47F8ABDFA9EB}.Release|Any CPU.Build.0 = Release|Any CPU
		{2BE4A31B-F3B9-4CD9-8DF7-38E0B9525520}.Debug|Any CPU.ActiveCfg = Debug|Any CPU
		{2BE4A31B-F3B9-4CD9-8DF7-38E0B9525520}.Debug|Any CPU.Build.0 = Debug|Any CPU
		{2BE4A31B-F3B9-4CD9-8DF7-38E0B9525520}.Release|Any CPU.ActiveCfg = Release|Any CPU
		{2BE4A31B-F3B9-4CD9-8DF7-38E0B9525520}.Release|Any CPU.Build.0 = Release|Any CPU
		{9B9E5C10-5A13-4D24-9AD6-CEC4E6F0FB9A}.Debug|Any CPU.ActiveCfg = Debug|Any CPU
		{9B9E5C10-5A13-4D24-9AD6-CEC4E6F0FB9A}.Debug|Any CPU.Build.0 = Debug|Any CPU
		{9B9E5C10-5A13-4D24-9AD6-CEC4E6F0FB9A}.Release|Any CPU.ActiveCfg = Release|Any CPU
		{9B9E5C10-5A13-4D24-9AD6-CEC4E6F0FB9A}.Release|Any CPU.Build.0 = Release|Any CPU
		{BDC8CE4F-0498-4FA1-8505-5EB603977E81}.Debug|Any CPU.ActiveCfg = Debug|Any CPU
		{BDC8CE4F-0498-4FA1-8505-5EB603977E81}.Debug|Any CPU.Build.0 = Debug|Any CPU
		{BDC8CE4F-0498-4FA1-8505-5EB603977E81}.Release|Any CPU.ActiveCfg = Release|Any CPU
		{BDC8CE4F-0498-4FA1-8505-5EB603977E81}.Release|Any CPU.Build.0 = Release|Any CPU
		{C3D49ABC-5A0F-4AC6-9D46-629971A380EC}.Debug|Any CPU.ActiveCfg = Debug|Any CPU
		{C3D49ABC-5A0F-4AC6-9D46-629971A380EC}.Debug|Any CPU.Build.0 = Debug|Any CPU
		{C3D49ABC-5A0F-4AC6-9D46-629971A380EC}.Release|Any CPU.ActiveCfg = Release|Any CPU
		{C3D49ABC-5A0F-4AC6-9D46-629971A380EC}.Release|Any CPU.Build.0 = Release|Any CPU
		{EA3A1FEF-7E65-4EB3-8263-F96DB8B44C4C}.Debug|Any CPU.ActiveCfg = Debug|Any CPU
		{EA3A1FEF-7E65-4EB3-8263-F96DB8B44C4C}.Debug|Any CPU.Build.0 = Debug|Any CPU
		{EA3A1FEF-7E65-4EB3-8263-F96DB8B44C4C}.Release|Any CPU.ActiveCfg = Release|Any CPU
		{EA3A1FEF-7E65-4EB3-8263-F96DB8B44C4C}.Release|Any CPU.Build.0 = Release|Any CPU
		{8ECA053F-3EF3-4AE1-A160-C56A61C3928A}.Debug|Any CPU.ActiveCfg = Debug|Any CPU
		{8ECA053F-3EF3-4AE1-A160-C56A61C3928A}.Debug|Any CPU.Build.0 = Debug|Any CPU
		{8ECA053F-3EF3-4AE1-A160-C56A61C3928A}.Release|Any CPU.ActiveCfg = Release|Any CPU
		{8ECA053F-3EF3-4AE1-A160-C56A61C3928A}.Release|Any CPU.Build.0 = Release|Any CPU
		{E996C0C0-A766-46C8-B746-1DBDE5C382CE}.Debug|Any CPU.ActiveCfg = Debug|Any CPU
		{E996C0C0-A766-46C8-B746-1DBDE5C382CE}.Debug|Any CPU.Build.0 = Debug|Any CPU
		{E996C0C0-A766-46C8-B746-1DBDE5C382CE}.Release|Any CPU.ActiveCfg = Release|Any CPU
		{E996C0C0-A766-46C8-B746-1DBDE5C382CE}.Release|Any CPU.Build.0 = Release|Any CPU
		{550D4883-7768-4BC8-A18B-08FD8C6E67D1}.Debug|Any CPU.ActiveCfg = Debug|Any CPU
		{550D4883-7768-4BC8-A18B-08FD8C6E67D1}.Debug|Any CPU.Build.0 = Debug|Any CPU
		{550D4883-7768-4BC8-A18B-08FD8C6E67D1}.Release|Any CPU.ActiveCfg = Release|Any CPU
		{550D4883-7768-4BC8-A18B-08FD8C6E67D1}.Release|Any CPU.Build.0 = Release|Any CPU
	EndGlobalSection
	GlobalSection(SolutionProperties) = preSolution
		HideSolutionNode = FALSE
	EndGlobalSection
	GlobalSection(ExtensibilityGlobals) = postSolution
		SolutionGuid = {073E4DAF-4C3F-42BD-8E1D-456C2BB39C02}
	EndGlobalSection
EndGlobal
