
Microsoft Visual Studio Solution File, Format Version 12.00
# Visual Studio Version 17
VisualStudioVersion = 17.9.34701.34
MinimumVisualStudioVersion = 10.0.40219.1
Project("{FAE04EC0-301F-11D3-BF4B-00C04F79EFBC}") = "C#基础_2025_5_30 结构体", "C#基础_2025_5_30 结构体\C#基础_2025_5_30 结构体.csproj", "{1BA15D81-966C-4DF1-9143-72BCFBF6C65C}"
EndProject
Global
	GlobalSection(SolutionConfigurationPlatforms) = preSolution
		Debug|Any CPU = Debug|Any CPU
		Release|Any CPU = Release|Any CPU
	EndGlobalSection
	GlobalSection(ProjectConfigurationPlatforms) = postSolution
		{1BA15D81-966C-4DF1-9143-72BCFBF6C65C}.Debug|Any CPU.ActiveCfg = Debug|Any CPU
		{1BA15D81-966C-4DF1-9143-72BCFBF6C65C}.Debug|Any CPU.Build.0 = Debug|Any CPU
		{1BA15D81-966C-4DF1-9143-72BCFBF6C65C}.Release|Any CPU.ActiveCfg = Release|Any CPU
		{1BA15D81-966C-4DF1-9143-72BCFBF6C65C}.Release|Any CPU.Build.0 = Release|Any CPU
	EndGlobalSection
	GlobalSection(SolutionProperties) = preSolution
		HideSolutionNode = FALSE
	EndGlobalSection
	GlobalSection(ExtensibilityGlobals) = postSolution
		SolutionGuid = {E1FFE71E-D42C-4E73-AAE5-B22EE2640986}
	EndGlobalSection
EndGlobal
