
Microsoft Visual Studio Solution File, Format Version 12.00
# Visual Studio Version 17
VisualStudioVersion = 17.14.36327.8 d17.14
MinimumVisualStudioVersion = 10.0.40219.1
Project("{FAE04EC0-301F-11D3-BF4B-00C04F79EFBC}") = "继承中的构造函数作业", "继承中的构造函数作业\继承中的构造函数作业.csproj", "{B6E81A45-A031-43DB-AE29-0E8933013332}"
EndProject
Global
	GlobalSection(SolutionConfigurationPlatforms) = preSolution
		Debug|Any CPU = Debug|Any CPU
		Release|Any CPU = Release|Any CPU
	EndGlobalSection
	GlobalSection(ProjectConfigurationPlatforms) = postSolution
		{B6E81A45-A031-43DB-AE29-0E8933013332}.Debug|Any CPU.ActiveCfg = Debug|Any CPU
		{B6E81A45-A031-43DB-AE29-0E8933013332}.Debug|Any CPU.Build.0 = Debug|Any CPU
		{B6E81A45-A031-43DB-AE29-0E8933013332}.Release|Any CPU.ActiveCfg = Release|Any CPU
		{B6E81A45-A031-43DB-AE29-0E8933013332}.Release|Any CPU.Build.0 = Release|Any CPU
	EndGlobalSection
	GlobalSection(SolutionProperties) = preSolution
		HideSolutionNode = FALSE
	EndGlobalSection
	GlobalSection(ExtensibilityGlobals) = postSolution
		SolutionGuid = {B22502D3-9A83-4F03-8E52-1469DF7D9947}
	EndGlobalSection
EndGlobal
